
Microsoft Visual Studio Solution File, Format Version 12.00
# Visual Studio Version 17
VisualStudioVersion = 17.9.34723.18
MinimumVisualStudioVersion = 10.0.40219.1
Project("{FAE04EC0-301F-11D3-BF4B-00C04F79EFBC}") = "Revit.Tests.NewUIThreadTest", "Revit.Tests.NewUIThreadTest\Revit.Tests.NewUIThreadTest.csproj", "{EE47A28C-2002-44D7-B4B5-0975EF9B43EE}"
EndProject
Global
	GlobalSection(SolutionConfigurationPlatforms) = preSolution
		Debug|Any CPU = Debug|Any CPU
		Release|Any CPU = Release|Any CPU
	EndGlobalSection
	GlobalSection(ProjectConfigurationPlatforms) = postSolution
		{EE47A28C-2002-44D7-B4B5-0975EF9B43EE}.Debug|Any CPU.ActiveCfg = Debug|Any CPU
		{EE47A28C-2002-44D7-B4B5-0975EF9B43EE}.Debug|Any CPU.Build.0 = Debug|Any CPU
		{EE47A28C-2002-44D7-B4B5-0975EF9B43EE}.Release|Any CPU.ActiveCfg = Release|Any CPU
		{EE47A28C-2002-44D7-B4B5-0975EF9B43EE}.Release|Any CPU.Build.0 = Release|Any CPU
	EndGlobalSection
	GlobalSection(SolutionProperties) = preSolution
		HideSolutionNode = FALSE
	EndGlobalSection
	GlobalSection(ExtensibilityGlobals) = postSolution
		SolutionGuid = {4A537C7E-9A3D-48CB-B4FF-2079B35EC0EA}
	EndGlobalSection
EndGlobal
